// !$*UTF8*$!
{
	archiveVersion = 1;
	classes = {
	};
	objectVersion = 55;
	objects = {

/* Begin PBXBuildFile section */
		93ED4ED128072580007E48BB /* Concept_MapApp.swift in Sources */ = {isa = PBXBuildFile; fileRef = 93ED4ED028072580007E48BB /* Concept_MapApp.swift */; };
		93ED4ED328072580007E48BB /* ContentView.swift in Sources */ = {isa = PBXBuildFile; fileRef = 93ED4ED228072580007E48BB /* ContentView.swift */; };
		93ED4ED528072584007E48BB /* Assets.xcassets in Resources */ = {isa = PBXBuildFile; fileRef = 93ED4ED428072584007E48BB /* Assets.xcassets */; };
		93ED4ED828072584007E48BB /* Preview Assets.xcassets in Resources */ = {isa = PBXBuildFile; fileRef = 93ED4ED728072584007E48BB /* Preview Assets.xcassets */; };
		93ED4EE228072584007E48BB /* Concept_MapTests.swift in Sources */ = {isa = PBXBuildFile; fileRef = 93ED4EE128072584007E48BB /* Concept_MapTests.swift */; };
		93ED4EEC28072584007E48BB /* Concept_MapUITests.swift in Sources */ = {isa = PBXBuildFile; fileRef = 93ED4EEB28072584007E48BB /* Concept_MapUITests.swift */; };
		93ED4EEE28072584007E48BB /* Concept_MapUITestsLaunchTests.swift in Sources */ = {isa = PBXBuildFile; fileRef = 93ED4EED28072584007E48BB /* Concept_MapUITestsLaunchTests.swift */; };
		93ED4EFB280B098C007E48BB /* SpringModel.swift in Sources */ = {isa = PBXBuildFile; fileRef = 93ED4EFA280B098C007E48BB /* SpringModel.swift */; };
/* End PBXBuildFile section */

/* Begin PBXContainerItemProxy section */
		93ED4EDE28072584007E48BB /* PBXContainerItemProxy */ = {
			isa = PBXContainerItemProxy;
			containerPortal = 93ED4EC52807257F007E48BB /* Project object */;
			proxyType = 1;
			remoteGlobalIDString = 93ED4ECC28072580007E48BB;
			remoteInfo = "Concept Map";
		};
		93ED4EE828072584007E48BB /* PBXContainerItemProxy */ = {
			isa = PBXContainerItemProxy;
			containerPortal = 93ED4EC52807257F007E48BB /* Project object */;
			proxyType = 1;
			remoteGlobalIDString = 93ED4ECC28072580007E48BB;
			remoteInfo = "Concept Map";
		};
/* End PBXContainerItemProxy section */

/* Begin PBXFileReference section */
		93ED4ECD28072580007E48BB /* Concept Map.app */ = {isa = PBXFileReference; explicitFileType = wrapper.application; includeInIndex = 0; path = "Concept Map.app"; sourceTree = BUILT_PRODUCTS_DIR; };
		93ED4ED028072580007E48BB /* Concept_MapApp.swift */ = {isa = PBXFileReference; lastKnownFileType = sourcecode.swift; path = Concept_MapApp.swift; sourceTree = "<group>"; };
		93ED4ED228072580007E48BB /* ContentView.swift */ = {isa = PBXFileReference; lastKnownFileType = sourcecode.swift; path = ContentView.swift; sourceTree = "<group>"; };
		93ED4ED428072584007E48BB /* Assets.xcassets */ = {isa = PBXFileReference; lastKnownFileType = folder.assetcatalog; path = Assets.xcassets; sourceTree = "<group>"; };
		93ED4ED728072584007E48BB /* Preview Assets.xcassets */ = {isa = PBXFileReference; lastKnownFileType = folder.assetcatalog; path = "Preview Assets.xcassets"; sourceTree = "<group>"; };
		93ED4EDD28072584007E48BB /* Concept MapTests.xctest */ = {isa = PBXFileReference; explicitFileType = wrapper.cfbundle; includeInIndex = 0; path = "Concept MapTests.xctest"; sourceTree = BUILT_PRODUCTS_DIR; };
		93ED4EE128072584007E48BB /* Concept_MapTests.swift */ = {isa = PBXFileReference; lastKnownFileType = sourcecode.swift; path = Concept_MapTests.swift; sourceTree = "<group>"; };
		93ED4EE728072584007E48BB /* Concept MapUITests.xctest */ = {isa = PBXFileReference; explicitFileType = wrapper.cfbundle; includeInIndex = 0; path = "Concept MapUITests.xctest"; sourceTree = BUILT_PRODUCTS_DIR; };
		93ED4EEB28072584007E48BB /* Concept_MapUITests.swift */ = {isa = PBXFileReference; lastKnownFileType = sourcecode.swift; path = Concept_MapUITests.swift; sourceTree = "<group>"; };
		93ED4EED28072584007E48BB /* Concept_MapUITestsLaunchTests.swift */ = {isa = PBXFileReference; lastKnownFileType = sourcecode.swift; path = Concept_MapUITestsLaunchTests.swift; sourceTree = "<group>"; };
		93ED4EFA280B098C007E48BB /* SpringModel.swift */ = {isa = PBXFileReference; lastKnownFileType = sourcecode.swift; path = SpringModel.swift; sourceTree = "<group>"; };
/* End PBXFileReference section */

/* Begin PBXFrameworksBuildPhase section */
		93ED4ECA28072580007E48BB /* Frameworks */ = {
			isa = PBXFrameworksBuildPhase;
			buildActionMask = 2147483647;
			files = (
			);
			runOnlyForDeploymentPostprocessing = 0;
		};
		93ED4EDA28072584007E48BB /* Frameworks */ = {
			isa = PBXFrameworksBuildPhase;
			buildActionMask = 2147483647;
			files = (
			);
			runOnlyForDeploymentPostprocessing = 0;
		};
		93ED4EE428072584007E48BB /* Frameworks */ = {
			isa = PBXFrameworksBuildPhase;
			buildActionMask = 2147483647;
			files = (
			);
			runOnlyForDeploymentPostprocessing = 0;
		};
/* End PBXFrameworksBuildPhase section */

/* Begin PBXGroup section */
		93ED4EC42807257F007E48BB = {
			isa = PBXGroup;
			children = (
				93ED4ECF28072580007E48BB /* Concept Map */,
				93ED4EE028072584007E48BB /* Concept MapTests */,
				93ED4EEA28072584007E48BB /* Concept MapUITests */,
				93ED4ECE28072580007E48BB /* Products */,
			);
			sourceTree = "<group>";
		};
		93ED4ECE28072580007E48BB /* Products */ = {
			isa = PBXGroup;
			children = (
				93ED4ECD28072580007E48BB /* Concept Map.app */,
				93ED4EDD28072584007E48BB /* Concept MapTests.xctest */,
				93ED4EE728072584007E48BB /* Concept MapUITests.xctest */,
			);
			name = Products;
			sourceTree = "<group>";
		};
		93ED4ECF28072580007E48BB /* Concept Map */ = {
			isa = PBXGroup;
			children = (
				93ED4ED028072580007E48BB /* Concept_MapApp.swift */,
				93ED4ED228072580007E48BB /* ContentView.swift */,
				93ED4ED428072584007E48BB /* Assets.xcassets */,
				93ED4ED628072584007E48BB /* Preview Content */,
				93ED4EFA280B098C007E48BB /* SpringModel.swift */,
			);
			path = "Concept Map";
			sourceTree = "<group>";
		};
		93ED4ED628072584007E48BB /* Preview Content */ = {
			isa = PBXGroup;
			children = (
				93ED4ED728072584007E48BB /* Preview Assets.xcassets */,
			);
			path = "Preview Content";
			sourceTree = "<group>";
		};
		93ED4EE028072584007E48BB /* Concept MapTests */ = {
			isa = PBXGroup;
			children = (
				93ED4EE128072584007E48BB /* Concept_MapTests.swift */,
			);
			path = "Concept MapTests";
			sourceTree = "<group>";
		};
		93ED4EEA28072584007E48BB /* Concept MapUITests */ = {
			isa = PBXGroup;
			children = (
				93ED4EEB28072584007E48BB /* Concept_MapUITests.swift */,
				93ED4EED28072584007E48BB /* Concept_MapUITestsLaunchTests.swift */,
			);
			path = "Concept MapUITests";
			sourceTree = "<group>";
		};
/* End PBXGroup section */

/* Begin PBXNativeTarget section */
		93ED4ECC28072580007E48BB /* Concept Map */ = {
			isa = PBXNativeTarget;
			buildConfigurationList = 93ED4EF128072584007E48BB /* Build configuration list for PBXNativeTarget "Concept Map" */;
			buildPhases = (
				93ED4EC928072580007E48BB /* Sources */,
				93ED4ECA28072580007E48BB /* Frameworks */,
				93ED4ECB28072580007E48BB /* Resources */,
			);
			buildRules = (
			);
			dependencies = (
			);
			name = "Concept Map";
			productName = "Concept Map";
			productReference = 93ED4ECD28072580007E48BB /* Concept Map.app */;
			productType = "com.apple.product-type.application";
		};
		93ED4EDC28072584007E48BB /* Concept MapTests */ = {
			isa = PBXNativeTarget;
			buildConfigurationList = 93ED4EF428072584007E48BB /* Build configuration list for PBXNativeTarget "Concept MapTests" */;
			buildPhases = (
				93ED4ED928072584007E48BB /* Sources */,
				93ED4EDA28072584007E48BB /* Frameworks */,
				93ED4EDB28072584007E48BB /* Resources */,
			);
			buildRules = (
			);
			dependencies = (
				93ED4EDF28072584007E48BB /* PBXTargetDependency */,
			);
			name = "Concept MapTests";
			productName = "Concept MapTests";
			productReference = 93ED4EDD28072584007E48BB /* Concept MapTests.xctest */;
			productType = "com.apple.product-type.bundle.unit-test";
		};
		93ED4EE628072584007E48BB /* Concept MapUITests */ = {
			isa = PBXNativeTarget;
			buildConfigurationList = 93ED4EF728072584007E48BB /* Build configuration list for PBXNativeTarget "Concept MapUITests" */;
			buildPhases = (
				93ED4EE328072584007E48BB /* Sources */,
				93ED4EE428072584007E48BB /* Frameworks */,
				93ED4EE528072584007E48BB /* Resources */,
			);
			buildRules = (
			);
			dependencies = (
				93ED4EE928072584007E48BB /* PBXTargetDependency */,
			);
			name = "Concept MapUITests";
			productName = "Concept MapUITests";
			productReference = 93ED4EE728072584007E48BB /* Concept MapUITests.xctest */;
			productType = "com.apple.product-type.bundle.ui-testing";
		};
/* End PBXNativeTarget section */

/* Begin PBXProject section */
		93ED4EC52807257F007E48BB /* Project object */ = {
			isa = PBXProject;
			attributes = {
				BuildIndependentTargetsInParallel = 1;
				LastSwiftUpdateCheck = 1330;
				LastUpgradeCheck = 1330;
				TargetAttributes = {
					93ED4ECC28072580007E48BB = {
						CreatedOnToolsVersion = 13.3.1;
					};
					93ED4EDC28072584007E48BB = {
						CreatedOnToolsVersion = 13.3.1;
						TestTargetID = 93ED4ECC28072580007E48BB;
					};
					93ED4EE628072584007E48BB = {
						CreatedOnToolsVersion = 13.3.1;
						TestTargetID = 93ED4ECC28072580007E48BB;
					};
				};
			};
			buildConfigurationList = 93ED4EC82807257F007E48BB /* Build configuration list for PBXProject "Concept Map" */;
			compatibilityVersion = "Xcode 13.0";
			developmentRegion = en;
			hasScannedForEncodings = 0;
			knownRegions = (
				en,
				Base,
			);
			mainGroup = 93ED4EC42807257F007E48BB;
			productRefGroup = 93ED4ECE28072580007E48BB /* Products */;
			projectDirPath = "";
			projectRoot = "";
			targets = (
				93ED4ECC28072580007E48BB /* Concept Map */,
				93ED4EDC28072584007E48BB /* Concept MapTests */,
				93ED4EE628072584007E48BB /* Concept MapUITests */,
			);
		};
/* End PBXProject section */

/* Begin PBXResourcesBuildPhase section */
		93ED4ECB28072580007E48BB /* Resources */ = {
			isa = PBXResourcesBuildPhase;
			buildActionMask = 2147483647;
			files = (
				93ED4ED828072584007E48BB /* Preview Assets.xcassets in Resources */,
				93ED4ED528072584007E48BB /* Assets.xcassets in Resources */,
			);
			runOnlyForDeploymentPostprocessing = 0;
		};
		93ED4EDB28072584007E48BB /* Resources */ = {
			isa = PBXResourcesBuildPhase;
			buildActionMask = 2147483647;
			files = (
			);
			runOnlyForDeploymentPostprocessing = 0;
		};
		93ED4EE528072584007E48BB /* Resources */ = {
			isa = PBXResourcesBuildPhase;
			buildActionMask = 2147483647;
			files = (
			);
			runOnlyForDeploymentPostprocessing = 0;
		};
/* End PBXResourcesBuildPhase section */

/* Begin PBXSourcesBuildPhase section */
		93ED4EC928072580007E48BB /* Sources */ = {
			isa = PBXSourcesBuildPhase;
			buildActionMask = 2147483647;
			files = (
				93ED4EFB280B098C007E48BB /* SpringModel.swift in Sources */,
				93ED4ED328072580007E48BB /* ContentView.swift in Sources */,
				93ED4ED128072580007E48BB /* Concept_MapApp.swift in Sources */,
			);
			runOnlyForDeploymentPostprocessing = 0;
		};
		93ED4ED928072584007E48BB /* Sources */ = {
			isa = PBXSourcesBuildPhase;
			buildActionMask = 2147483647;
			files = (
				93ED4EE228072584007E48BB /* Concept_MapTests.swift in Sources */,
			);
			runOnlyForDeploymentPostprocessing = 0;
		};
		93ED4EE328072584007E48BB /* Sources */ = {
			isa = PBXSourcesBuildPhase;
			buildActionMask = 2147483647;
			files = (
				93ED4EEE28072584007E48BB /* Concept_MapUITestsLaunchTests.swift in Sources */,
				93ED4EEC28072584007E48BB /* Concept_MapUITests.swift in Sources */,
			);
			runOnlyForDeploymentPostprocessing = 0;
		};
/* End PBXSourcesBuildPhase section */

/* Begin PBXTargetDependency section */
		93ED4EDF28072584007E48BB /* PBXTargetDependency */ = {
			isa = PBXTargetDependency;
			target = 93ED4ECC28072580007E48BB /* Concept Map */;
			targetProxy = 93ED4EDE28072584007E48BB /* PBXContainerItemProxy */;
		};
		93ED4EE928072584007E48BB /* PBXTargetDependency */ = {
			isa = PBXTargetDependency;
			target = 93ED4ECC28072580007E48BB /* Concept Map */;
			targetProxy = 93ED4EE828072584007E48BB /* PBXContainerItemProxy */;
		};
/* End PBXTargetDependency section */

/* Begin XCBuildConfiguration section */
		93ED4EEF28072584007E48BB /* Debug */ = {
			isa = XCBuildConfiguration;
			buildSettings = {
				ALWAYS_SEARCH_USER_PATHS = NO;
				CLANG_ANALYZER_NONNULL = YES;
				CLANG_ANALYZER_NUMBER_OBJECT_CONVERSION = YES_AGGRESSIVE;
				CLANG_CXX_LANGUAGE_STANDARD = "gnu++17";
				CLANG_ENABLE_MODULES = YES;
				CLANG_ENABLE_OBJC_ARC = YES;
				CLANG_ENABLE_OBJC_WEAK = YES;
				CLANG_WARN_BLOCK_CAPTURE_AUTORELEASING = YES;
				CLANG_WARN_BOOL_CONVERSION = YES;
				CLANG_WARN_COMMA = YES;
				CLANG_WARN_CONSTANT_CONVERSION = YES;
				CLANG_WARN_DEPRECATED_OBJC_IMPLEMENTATIONS = YES;
				CLANG_WARN_DIRECT_OBJC_ISA_USAGE = YES_ERROR;
				CLANG_WARN_DOCUMENTATION_COMMENTS = YES;
				CLANG_WARN_EMPTY_BODY = YES;
				CLANG_WARN_ENUM_CONVERSION = YES;
				CLANG_WARN_INFINITE_RECURSION = YES;
				CLANG_WARN_INT_CONVERSION = YES;
				CLANG_WARN_NON_LITERAL_NULL_CONVERSION = YES;
				CLANG_WARN_OBJC_IMPLICIT_RETAIN_SELF = YES;
				CLANG_WARN_OBJC_LITERAL_CONVERSION = YES;
				CLANG_WARN_OBJC_ROOT_CLASS = YES_ERROR;
				CLANG_WARN_QUOTED_INCLUDE_IN_FRAMEWORK_HEADER = YES;
				CLANG_WARN_RANGE_LOOP_ANALYSIS = YES;
				CLANG_WARN_STRICT_PROTOTYPES = YES;
				CLANG_WARN_SUSPICIOUS_MOVE = YES;
				CLANG_WARN_UNGUARDED_AVAILABILITY = YES_AGGRESSIVE;
				CLANG_WARN_UNREACHABLE_CODE = YES;
				CLANG_WARN__DUPLICATE_METHOD_MATCH = YES;
				COPY_PHASE_STRIP = NO;
				DEBUG_INFORMATION_FORMAT = dwarf;
				ENABLE_STRICT_OBJC_MSGSEND = YES;
				ENABLE_TESTABILITY = YES;
				GCC_C_LANGUAGE_STANDARD = gnu11;
				GCC_DYNAMIC_NO_PIC = NO;
				GCC_NO_COMMON_BLOCKS = YES;
				GCC_OPTIMIZATION_LEVEL = 0;
				GCC_PREPROCESSOR_DEFINITIONS = (
					"DEBUG=1",
					"$(inherited)",
				);
				GCC_WARN_64_TO_32_BIT_CONVERSION = YES;
				GCC_WARN_ABOUT_RETURN_TYPE = YES_ERROR;
				GCC_WARN_UNDECLARED_SELECTOR = YES;
				GCC_WARN_UNINITIALIZED_AUTOS = YES_AGGRESSIVE;
				GCC_WARN_UNUSED_FUNCTION = YES;
				GCC_WARN_UNUSED_VARIABLE = YES;
				IPHONEOS_DEPLOYMENT_TARGET = 15.4;
				MTL_ENABLE_DEBUG_INFO = INCLUDE_SOURCE;
				MTL_FAST_MATH = YES;
				ONLY_ACTIVE_ARCH = YES;
				SDKROOT = iphoneos;
				SWIFT_ACTIVE_COMPILATION_CONDITIONS = DEBUG;
				SWIFT_OPTIMIZATION_LEVEL = "-Onone";
			};
			name = Debug;
		};
		93ED4EF028072584007E48BB /* Release */ = {
			isa = XCBuildConfiguration;
			buildSettings = {
				ALWAYS_SEARCH_USER_PATHS = NO;
				CLANG_ANALYZER_NONNULL = YES;
				CLANG_ANALYZER_NUMBER_OBJECT_CONVERSION = YES_AGGRESSIVE;
				CLANG_CXX_LANGUAGE_STANDARD = "gnu++17";
				CLANG_ENABLE_MODULES = YES;
				CLANG_ENABLE_OBJC_ARC = YES;
				CLANG_ENABLE_OBJC_WEAK = YES;
				CLANG_WARN_BLOCK_CAPTURE_AUTORELEASING = YES;
				CLANG_WARN_BOOL_CONVERSION = YES;
				CLANG_WARN_COMMA = YES;
				CLANG_WARN_CONSTANT_CONVERSION = YES;
				CLANG_WARN_DEPRECATED_OBJC_IMPLEMENTATIONS = YES;
				CLANG_WARN_DIRECT_OBJC_ISA_USAGE = YES_ERROR;
				CLANG_WARN_DOCUMENTATION_COMMENTS = YES;
				CLANG_WARN_EMPTY_BODY = YES;
				CLANG_WARN_ENUM_CONVERSION = YES;
				CLANG_WARN_INFINITE_RECURSION = YES;
				CLANG_WARN_INT_CONVERSION = YES;
				CLANG_WARN_NON_LITERAL_NULL_CONVERSION = YES;
				CLANG_WARN_OBJC_IMPLICIT_RETAIN_SELF = YES;
				CLANG_WARN_OBJC_LITERAL_CONVERSION = YES;
				CLANG_WARN_OBJC_ROOT_CLASS = YES_ERROR;
				CLANG_WARN_QUOTED_INCLUDE_IN_FRAMEWORK_HEADER = YES;
				CLANG_WARN_RANGE_LOOP_ANALYSIS = YES;
				CLANG_WARN_STRICT_PROTOTYPES = YES;
				CLANG_WARN_SUSPICIOUS_MOVE = YES;
				CLANG_WARN_UNGUARDED_AVAILABILITY = YES_AGGRESSIVE;
				CLANG_WARN_UNREACHABLE_CODE = YES;
				CLANG_WARN__DUPLICATE_METHOD_MATCH = YES;
				COPY_PHASE_STRIP = NO;
				DEBUG_INFORMATION_FORMAT = "dwarf-with-dsym";
				ENABLE_NS_ASSERTIONS = NO;
				ENABLE_STRICT_OBJC_MSGSEND = YES;
				GCC_C_LANGUAGE_STANDARD = gnu11;
				GCC_NO_COMMON_BLOCKS = YES;
				GCC_WARN_64_TO_32_BIT_CONVERSION = YES;
				GCC_WARN_ABOUT_RETURN_TYPE = YES_ERROR;
				GCC_WARN_UNDECLARED_SELECTOR = YES;
				GCC_WARN_UNINITIALIZED_AUTOS = YES_AGGRESSIVE;
				GCC_WARN_UNUSED_FUNCTION = YES;
				GCC_WARN_UNUSED_VARIABLE = YES;
				IPHONEOS_DEPLOYMENT_TARGET = 15.4;
				MTL_ENABLE_DEBUG_INFO = NO;
				MTL_FAST_MATH = YES;
				SDKROOT = iphoneos;
				SWIFT_COMPILATION_MODE = wholemodule;
				SWIFT_OPTIMIZATION_LEVEL = "-O";
				VALIDATE_PRODUCT = YES;
			};
			name = Release;
		};
		93ED4EF228072584007E48BB /* Debug */ = {
			isa = XCBuildConfiguration;
			buildSettings = {
				ASSETCATALOG_COMPILER_APPICON_NAME = AppIcon;
				ASSETCATALOG_COMPILER_GLOBAL_ACCENT_COLOR_NAME = AccentColor;
				CODE_SIGN_STYLE = Automatic;
				CURRENT_PROJECT_VERSION = 1;
				DEVELOPMENT_ASSET_PATHS = "\"Concept Map/Preview Content\"";
				DEVELOPMENT_TEAM = 3QVL9P7T78;
				ENABLE_PREVIEWS = YES;
				GENERATE_INFOPLIST_FILE = YES;
				INFOPLIST_KEY_UIApplicationSceneManifest_Generation = YES;
				INFOPLIST_KEY_UIApplicationSupportsIndirectInputEvents = YES;
				INFOPLIST_KEY_UILaunchScreen_Generation = YES;
				INFOPLIST_KEY_UISupportedInterfaceOrientations_iPad = "UIInterfaceOrientationPortrait UIInterfaceOrientationPortraitUpsideDown UIInterfaceOrientationLandscapeLeft UIInterfaceOrientationLandscapeRight";
				INFOPLIST_KEY_UISupportedInterfaceOrientations_iPhone = "UIInterfaceOrientationPortrait UIInterfaceOrientationLandscapeLeft UIInterfaceOrientationLandscapeRight";
				LD_RUNPATH_SEARCH_PATHS = (
					"$(inherited)",
					"@executable_path/Frameworks",
				);
				MARKETING_VERSION = 1.0;
				PRODUCT_BUNDLE_IDENTIFIER = "idea.Concept-Map";
				PRODUCT_NAME = "$(TARGET_NAME)";
				SWIFT_EMIT_LOC_STRINGS = YES;
				SWIFT_VERSION = 5.0;
				TARGETED_DEVICE_FAMILY = "1,2";
			};
			name = Debug;
		};
		93ED4EF328072584007E48BB /* Release */ = {
			isa = XCBuildConfiguration;
			buildSettings = {
				ASSETCATALOG_COMPILER_APPICON_NAME = AppIcon;
				ASSETCATALOG_COMPILER_GLOBAL_ACCENT_COLOR_NAME = AccentColor;
				CODE_SIGN_STYLE = Automatic;
				CURRENT_PROJECT_VERSION = 1;
				DEVELOPMENT_ASSET_PATHS = "\"Concept Map/Preview Content\"";
				DEVELOPMENT_TEAM = 3QVL9P7T78;
				ENABLE_PREVIEWS = YES;
				GENERATE_INFOPLIST_FILE = YES;
				INFOPLIST_KEY_UIApplicationSceneManifest_Generation = YES;
				INFOPLIST_KEY_UIApplicationSupportsIndirectInputEvents = YES;
				INFOPLIST_KEY_UILaunchScreen_Generation = YES;
				INFOPLIST_KEY_UISupportedInterfaceOrientations_iPad = "UIInterfaceOrientationPortrait UIInterfaceOrientationPortraitUpsideDown UIInterfaceOrientationLandscapeLeft UIInterfaceOrientationLandscapeRight";
				INFOPLIST_KEY_UISupportedInterfaceOrientations_iPhone = "UIInterfaceOrientationPortrait UIInterfaceOrientationLandscapeLeft UIInterfaceOrientationLandscapeRight";
				LD_RUNPATH_SEARCH_PATHS = (
					"$(inherited)",
					"@executable_path/Frameworks",
				);
				MARKETING_VERSION = 1.0;
				PRODUCT_BUNDLE_IDENTIFIER = "idea.Concept-Map";
				PRODUCT_NAME = "$(TARGET_NAME)";
				SWIFT_EMIT_LOC_STRINGS = YES;
				SWIFT_VERSION = 5.0;
				TARGETED_DEVICE_FAMILY = "1,2";
			};
			name = Release;
		};
		93ED4EF528072584007E48BB /* Debug */ = {
			isa = XCBuildConfiguration;
			buildSettings = {
				ALWAYS_EMBED_SWIFT_STANDARD_LIBRARIES = YES;
				BUNDLE_LOADER = "$(TEST_HOST)";
				CODE_SIGN_STYLE = Automatic;
				CURRENT_PROJECT_VERSION = 1;
				DEVELOPMENT_TEAM = 3QVL9P7T78;
				GENERATE_INFOPLIST_FILE = YES;
				IPHONEOS_DEPLOYMENT_TARGET = 15.4;
				MARKETING_VERSION = 1.0;
				PRODUCT_BUNDLE_IDENTIFIER = "idea.Concept-MapTests";
				PRODUCT_NAME = "$(TARGET_NAME)";
				SWIFT_EMIT_LOC_STRINGS = NO;
				SWIFT_VERSION = 5.0;
				TARGETED_DEVICE_FAMILY = "1,2";
				TEST_HOST = "$(BUILT_PRODUCTS_DIR)/Concept Map.app/Concept Map";
			};
			name = Debug;
		};
		93ED4EF628072584007E48BB /* Release */ = {
			isa = XCBuildConfiguration;
			buildSettings = {
				ALWAYS_EMBED_SWIFT_STANDARD_LIBRARIES = YES;
				BUNDLE_LOADER = "$(TEST_HOST)";
				CODE_SIGN_STYLE = Automatic;
				CURRENT_PROJECT_VERSION = 1;
				DEVELOPMENT_TEAM = 3QVL9P7T78;
				GENERATE_INFOPLIST_FILE = YES;
				IPHONEOS_DEPLOYMENT_TARGET = 15.4;
				MARKETING_VERSION = 1.0;
				PRODUCT_BUNDLE_IDENTIFIER = "idea.Concept-MapTests";
				PRODUCT_NAME = "$(TARGET_NAME)";
				SWIFT_EMIT_LOC_STRINGS = NO;
				SWIFT_VERSION = 5.0;
				TARGETED_DEVICE_FAMILY = "1,2";
				TEST_HOST = "$(BUILT_PRODUCTS_DIR)/Concept Map.app/Concept Map";
			};
			name = Release;
		};
		93ED4EF828072584007E48BB /* Debug */ = {
			isa = XCBuildConfiguration;
			buildSettings = {
				ALWAYS_EMBED_SWIFT_STANDARD_LIBRARIES = YES;
				CODE_SIGN_STYLE = Automatic;
				CURRENT_PROJECT_VERSION = 1;
				DEVELOPMENT_TEAM = 3QVL9P7T78;
				GENERATE_INFOPLIST_FILE = YES;
				MARKETING_VERSION = 1.0;
				PRODUCT_BUNDLE_IDENTIFIER = "idea.Concept-MapUITests";
				PRODUCT_NAME = "$(TARGET_NAME)";
				SWIFT_EMIT_LOC_STRINGS = NO;
				SWIFT_VERSION = 5.0;
				TARGETED_DEVICE_FAMILY = "1,2";
				TEST_TARGET_NAME = "Concept Map";
			};
			name = Debug;
		};
		93ED4EF928072584007E48BB /* Release */ = {
			isa = XCBuildConfiguration;
			buildSettings = {
				ALWAYS_EMBED_SWIFT_STANDARD_LIBRARIES = YES;
				CODE_SIGN_STYLE = Automatic;
				CURRENT_PROJECT_VERSION = 1;
				DEVELOPMENT_TEAM = 3QVL9P7T78;
				GENERATE_INFOPLIST_FILE = YES;
				MARKETING_VERSION = 1.0;
				PRODUCT_BUNDLE_IDENTIFIER = "idea.Concept-MapUITests";
				PRODUCT_NAME = "$(TARGET_NAME)";
				SWIFT_EMIT_LOC_STRINGS = NO;
				SWIFT_VERSION = 5.0;
				TARGETED_DEVICE_FAMILY = "1,2";
				TEST_TARGET_NAME = "Concept Map";
			};
			name = Release;
		};
/* End XCBuildConfiguration section */

/* Begin XCConfigurationList section */
		93ED4EC82807257F007E48BB /* Build configuration list for PBXProject "Concept Map" */ = {
			isa = XCConfigurationList;
			buildConfigurations = (
				93ED4EEF28072584007E48BB /* Debug */,
				93ED4EF028072584007E48BB /* Release */,
			);
			defaultConfigurationIsVisible = 0;
			defaultConfigurationName = Release;
		};
		93ED4EF128072584007E48BB /* Build configuration list for PBXNativeTarget "Concept Map" */ = {
			isa = XCConfigurationList;
			buildConfigurations = (
				93ED4EF228072584007E48BB /* Debug */,
				93ED4EF328072584007E48BB /* Release */,
			);
			defaultConfigurationIsVisible = 0;
			defaultConfigurationName = Release;
		};
		93ED4EF428072584007E48BB /* Build configuration list for PBXNativeTarget "Concept MapTests" */ = {
			isa = XCConfigurationList;
			buildConfigurations = (
				93ED4EF528072584007E48BB /* Debug */,
				93ED4EF628072584007E48BB /* Release */,
			);
			defaultConfigurationIsVisible = 0;
			defaultConfigurationName = Release;
		};
		93ED4EF728072584007E48BB /* Build configuration list for PBXNativeTarget "Concept MapUITests" */ = {
			isa = XCConfigurationList;
			buildConfigurations = (
				93ED4EF828072584007E48BB /* Debug */,
				93ED4EF928072584007E48BB /* Release */,
			);
			defaultConfigurationIsVisible = 0;
			defaultConfigurationName = Release;
		};
/* End XCConfigurationList section */
	};
	rootObject = 93ED4EC52807257F007E48BB /* Project object */;
}
